// !$*UTF8*$!
{
	archiveVersion = 1;
	classes = {
	};
	objectVersion = 77;
	objects = {

/* Begin PBXBuildFile section */
		0820E891D3F0792B406BB78A /* AppDelegate.swift in Sources */ = {isa = PBXBuildFile; fileRef = 5637569EAA20CEC4F940E6F7 /* AppDelegate.swift */; };
		1BC68B884A4CAC17283C66F8 /* SettingsView.swift in Sources */ = {isa = PBXBuildFile; fileRef = 027E89144C059DF236D4C542 /* SettingsView.swift */; };
		A4138043C5BAE228FBFC4F7A /* Assets.xcassets in Resources */ = {isa = PBXBuildFile; fileRef = E2EF7CADDD8B340BC3E76D39 /* Assets.xcassets */; };
		A658C543970C7E11D1E90831 /* ClaudeService.swift in Sources */ = {isa = PBXBuildFile; fileRef = 26DD2DEE1ADFBBD057FC6C70 /* ClaudeService.swift */; };
		C6B8F9BEF559BDC1A00F2E9B /* ClipAIApp.swift in Sources */ = {isa = PBXBuildFile; fileRef = 807063B24EC48792AD22FD63 /* ClipAIApp.swift */; };
		EDA11459BD2BBF660A6993F5 /* ContentView.swift in Sources */ = {isa = PBXBuildFile; fileRef = EB6096857481CBA92C88D269 /* ContentView.swift */; };
		F08130CB78FA7D831DCF38A1 /* FloatingPanel.swift in Sources */ = {isa = PBXBuildFile; fileRef = 626CA6AF0AEB4A25F703A858 /* FloatingPanel.swift */; };
/* End PBXBuildFile section */

/* Begin PBXFileReference section */
		027E89144C059DF236D4C542 /* SettingsView.swift */ = {isa = PBXFileReference; lastKnownFileType = sourcecode.swift; path = SettingsView.swift; sourceTree = "<group>"; };
		26DD2DEE1ADFBBD057FC6C70 /* ClaudeService.swift */ = {isa = PBXFileReference; lastKnownFileType = sourcecode.swift; path = ClaudeService.swift; sourceTree = "<group>"; };
		374D045C272AFF39B0333487 /* Info.plist */ = {isa = PBXFileReference; lastKnownFileType = text.plist; path = Info.plist; sourceTree = "<group>"; };
		5637569EAA20CEC4F940E6F7 /* AppDelegate.swift */ = {isa = PBXFileReference; lastKnownFileType = sourcecode.swift; path = AppDelegate.swift; sourceTree = "<group>"; };
		626CA6AF0AEB4A25F703A858 /* FloatingPanel.swift */ = {isa = PBXFileReference; lastKnownFileType = sourcecode.swift; path = FloatingPanel.swift; sourceTree = "<group>"; };
		7843E5CECF128CA41986391A /* ClipAI.entitlements */ = {isa = PBXFileReference; lastKnownFileType = text.plist.entitlements; path = ClipAI.entitlements; sourceTree = "<group>"; };
		807063B24EC48792AD22FD63 /* ClipAIApp.swift */ = {isa = PBXFileReference; lastKnownFileType = sourcecode.swift; path = ClipAIApp.swift; sourceTree = "<group>"; };
		962DF8D5021FDAE13E379900 /* ClipAI.app */ = {isa = PBXFileReference; explicitFileType = wrapper.application; includeInIndex = 0; path = ClipAI.app; sourceTree = BUILT_PRODUCTS_DIR; };
		E2EF7CADDD8B340BC3E76D39 /* Assets.xcassets */ = {isa = PBXFileReference; lastKnownFileType = folder.assetcatalog; path = Assets.xcassets; sourceTree = "<group>"; };
		EB6096857481CBA92C88D269 /* ContentView.swift */ = {isa = PBXFileReference; lastKnownFileType = sourcecode.swift; path = ContentView.swift; sourceTree = "<group>"; };
/* End PBXFileReference section */

/* Begin PBXGroup section */
		3BDBF5786B9127CB1B7EB813 /* ClipAI */ = {
			isa = PBXGroup;
			children = (
				5637569EAA20CEC4F940E6F7 /* AppDelegate.swift */,
				E2EF7CADDD8B340BC3E76D39 /* Assets.xcassets */,
				26DD2DEE1ADFBBD057FC6C70 /* ClaudeService.swift */,
				7843E5CECF128CA41986391A /* ClipAI.entitlements */,
				807063B24EC48792AD22FD63 /* ClipAIApp.swift */,
				EB6096857481CBA92C88D269 /* ContentView.swift */,
				626CA6AF0AEB4A25F703A858 /* FloatingPanel.swift */,
				374D045C272AFF39B0333487 /* Info.plist */,
				027E89144C059DF236D4C542 /* SettingsView.swift */,
			);
			path = ClipAI;
			sourceTree = "<group>";
		};
		B179B60E87392D35929DFC6D = {
			isa = PBXGroup;
			children = (
				3BDBF5786B9127CB1B7EB813 /* ClipAI */,
				EF7B5F90152DAE653D9E1D3C /* Products */,
			);
			sourceTree = "<group>";
		};
		EF7B5F90152DAE653D9E1D3C /* Products */ = {
			isa = PBXGroup;
			children = (
				962DF8D5021FDAE13E379900 /* ClipAI.app */,
			);
			name = Products;
			sourceTree = "<group>";
		};
/* End PBXGroup section */

/* Begin PBXNativeTarget section */
		A909CAFFE68E9545C7F3A950 /* ClipAI */ = {
			isa = PBXNativeTarget;
			buildConfigurationList = A3CDE34F04E82EC1EC181BA8 /* Build configuration list for PBXNativeTarget "ClipAI" */;
			buildPhases = (
				93899C9A86ED7225EF5DA0BC /* Sources */,
				2E8E152F3170F6BB12BF1C75 /* Resources */,
			);
			buildRules = (
			);
			dependencies = (
			);
			name = ClipAI;
			packageProductDependencies = (
			);
			productName = ClipAI;
			productReference = 962DF8D5021FDAE13E379900 /* ClipAI.app */;
			productType = "com.apple.product-type.application";
		};
/* End PBXNativeTarget section */

/* Begin PBXProject section */
		F097FDB6B2E04D78767B5EED /* Project object */ = {
			isa = PBXProject;
			attributes = {
				BuildIndependentTargetsInParallel = YES;
				LastUpgradeCheck = 1600;
				TargetAttributes = {
				};
			};
			buildConfigurationList = 2DEB97D6F4EA38611C9B31FF /* Build configuration list for PBXProject "ClipAI" */;
			developmentRegion = en;
			hasScannedForEncodings = 0;
			knownRegions = (
				Base,
				en,
			);
			mainGroup = B179B60E87392D35929DFC6D;
			minimizedProjectReferenceProxies = 1;
			preferredProjectObjectVersion = 77;
			productRefGroup = EF7B5F90152DAE653D9E1D3C /* Products */;
			projectDirPath = "";
			projectRoot = "";
			targets = (
				A909CAFFE68E9545C7F3A950 /* ClipAI */,
			);
		};
/* End PBXProject section */

/* Begin PBXResourcesBuildPhase section */
		2E8E152F3170F6BB12BF1C75 /* Resources */ = {
			isa = PBXResourcesBuildPhase;
			buildActionMask = 2147483647;
			files = (
				A4138043C5BAE228FBFC4F7A /* Assets.xcassets in Resources */,
			);
			runOnlyForDeploymentPostprocessing = 0;
		};
/* End PBXResourcesBuildPhase section */

/* Begin PBXSourcesBuildPhase section */
		93899C9A86ED7225EF5DA0BC /* Sources */ = {
			isa = PBXSourcesBuildPhase;
			buildActionMask = 2147483647;
			files = (
				0820E891D3F0792B406BB78A /* AppDelegate.swift in Sources */,
				A658C543970C7E11D1E90831 /* ClaudeService.swift in Sources */,
				C6B8F9BEF559BDC1A00F2E9B /* ClipAIApp.swift in Sources */,
				EDA11459BD2BBF660A6993F5 /* ContentView.swift in Sources */,
				F08130CB78FA7D831DCF38A1 /* FloatingPanel.swift in Sources */,
				1BC68B884A4CAC17283C66F8 /* SettingsView.swift in Sources */,
			);
			runOnlyForDeploymentPostprocessing = 0;
		};
/* End PBXSourcesBuildPhase section */

/* Begin XCBuildConfiguration section */
		0E2BD63DE813183E8E204945 /* Debug */ = {
			isa = XCBuildConfiguration;
			buildSettings = {
				ASSETCATALOG_COMPILER_APPICON_NAME = AppIcon;
				CODE_SIGN_ENTITLEMENTS = ClipAI/ClipAI.entitlements;
				COMBINE_HIDPI_IMAGES = YES;
				CURRENT_PROJECT_VERSION = 1;
				GENERATE_INFOPLIST_FILE = NO;
				INFOPLIST_FILE = ClipAI/Info.plist;
				LD_RUNPATH_SEARCH_PATHS = (
					"$(inherited)",
					"@executable_path/../Frameworks",
				);
				MACOSX_DEPLOYMENT_TARGET = 13.0;
				MARKETING_VERSION = 1.0.0;
				PRODUCT_BUNDLE_IDENTIFIER = com.clipai.app;
				SDKROOT = macosx;
				SWIFT_VERSION = 5.9;
			};
			name = Debug;
		};
		9BC5D9D5B7F6969896DECD98 /* Release */ = {
			isa = XCBuildConfiguration;
			buildSettings = {
				ALWAYS_SEARCH_USER_PATHS = NO;
				CLANG_ANALYZER_NONNULL = YES;
				CLANG_ANALYZER_NUMBER_OBJECT_CONVERSION = YES_AGGRESSIVE;
				CLANG_CXX_LANGUAGE_STANDARD = "gnu++14";
				CLANG_CXX_LIBRARY = "libc++";
				CLANG_ENABLE_MODULES = YES;
				CLANG_ENABLE_OBJC_ARC = YES;
				CLANG_ENABLE_OBJC_WEAK = YES;
				CLANG_WARN_BLOCK_CAPTURE_AUTORELEASING = YES;
				CLANG_WARN_BOOL_CONVERSION = YES;
				CLANG_WARN_COMMA = YES;
				CLANG_WARN_CONSTANT_CONVERSION = YES;
				CLANG_WARN_DEPRECATED_OBJC_IMPLEMENTATIONS = YES;
				CLANG_WARN_DIRECT_OBJC_ISA_USAGE = YES_ERROR;
				CLANG_WARN_DOCUMENTATION_COMMENTS = YES;
				CLANG_WARN_EMPTY_BODY = YES;
				CLANG_WARN_ENUM_CONVERSION = YES;
				CLANG_WARN_INFINITE_RECURSION = YES;
				CLANG_WARN_INT_CONVERSION = YES;
				CLANG_WARN_NON_LITERAL_NULL_CONVERSION = YES;
				CLANG_WARN_OBJC_IMPLICIT_RETAIN_SELF = YES;
				CLANG_WARN_OBJC_LITERAL_CONVERSION = YES;
				CLANG_WARN_OBJC_ROOT_CLASS = YES_ERROR;
				CLANG_WARN_QUOTED_INCLUDE_IN_FRAMEWORK_HEADER = YES;
				CLANG_WARN_RANGE_LOOP_ANALYSIS = YES;
				CLANG_WARN_STRICT_PROTOTYPES = YES;
				CLANG_WARN_SUSPICIOUS_MOVE = YES;
				CLANG_WARN_UNGUARDED_AVAILABILITY = YES_AGGRESSIVE;
				CLANG_WARN_UNREACHABLE_CODE = YES;
				CLANG_WARN__DUPLICATE_METHOD_MATCH = YES;
				COPY_PHASE_STRIP = NO;
				DEBUG_INFORMATION_FORMAT = "dwarf-with-dsym";
				ENABLE_NS_ASSERTIONS = NO;
				ENABLE_STRICT_OBJC_MSGSEND = YES;
				GCC_C_LANGUAGE_STANDARD = gnu11;
				GCC_NO_COMMON_BLOCKS = YES;
				GCC_WARN_64_TO_32_BIT_CONVERSION = YES;
				GCC_WARN_ABOUT_RETURN_TYPE = YES_ERROR;
				GCC_WARN_UNDECLARED_SELECTOR = YES;
				GCC_WARN_UNINITIALIZED_AUTOS = YES_AGGRESSIVE;
				GCC_WARN_UNUSED_FUNCTION = YES;
				GCC_WARN_UNUSED_VARIABLE = YES;
				MACOSX_DEPLOYMENT_TARGET = 13.0;
				MTL_ENABLE_DEBUG_INFO = NO;
				MTL_FAST_MATH = YES;
				PRODUCT_NAME = "$(TARGET_NAME)";
				SDKROOT = macosx;
				SWIFT_COMPILATION_MODE = wholemodule;
				SWIFT_OPTIMIZATION_LEVEL = "-O";
				SWIFT_VERSION = 5.0;
			};
			name = Release;
		};
		DE35348D686E5A403FAAE76F /* Debug */ = {
			isa = XCBuildConfiguration;
			buildSettings = {
				ALWAYS_SEARCH_USER_PATHS = NO;
				CLANG_ANALYZER_NONNULL = YES;
				CLANG_ANALYZER_NUMBER_OBJECT_CONVERSION = YES_AGGRESSIVE;
				CLANG_CXX_LANGUAGE_STANDARD = "gnu++14";
				CLANG_CXX_LIBRARY = "libc++";
				CLANG_ENABLE_MODULES = YES;
				CLANG_ENABLE_OBJC_ARC = YES;
				CLANG_ENABLE_OBJC_WEAK = YES;
				CLANG_WARN_BLOCK_CAPTURE_AUTORELEASING = YES;
				CLANG_WARN_BOOL_CONVERSION = YES;
				CLANG_WARN_COMMA = YES;
				CLANG_WARN_CONSTANT_CONVERSION = YES;
				CLANG_WARN_DEPRECATED_OBJC_IMPLEMENTATIONS = YES;
				CLANG_WARN_DIRECT_OBJC_ISA_USAGE = YES_ERROR;
				CLANG_WARN_DOCUMENTATION_COMMENTS = YES;
				CLANG_WARN_EMPTY_BODY = YES;
				CLANG_WARN_ENUM_CONVERSION = YES;
				CLANG_WARN_INFINITE_RECURSION = YES;
				CLANG_WARN_INT_CONVERSION = YES;
				CLANG_WARN_NON_LITERAL_NULL_CONVERSION = YES;
				CLANG_WARN_OBJC_IMPLICIT_RETAIN_SELF = YES;
				CLANG_WARN_OBJC_LITERAL_CONVERSION = YES;
				CLANG_WARN_OBJC_ROOT_CLASS = YES_ERROR;
				CLANG_WARN_QUOTED_INCLUDE_IN_FRAMEWORK_HEADER = YES;
				CLANG_WARN_RANGE_LOOP_ANALYSIS = YES;
				CLANG_WARN_STRICT_PROTOTYPES = YES;
				CLANG_WARN_SUSPICIOUS_MOVE = YES;
				CLANG_WARN_UNGUARDED_AVAILABILITY = YES_AGGRESSIVE;
				CLANG_WARN_UNREACHABLE_CODE = YES;
				CLANG_WARN__DUPLICATE_METHOD_MATCH = YES;
				COPY_PHASE_STRIP = NO;
				DEBUG_INFORMATION_FORMAT = dwarf;
				ENABLE_STRICT_OBJC_MSGSEND = YES;
				ENABLE_TESTABILITY = YES;
				GCC_C_LANGUAGE_STANDARD = gnu11;
				GCC_DYNAMIC_NO_PIC = NO;
				GCC_NO_COMMON_BLOCKS = YES;
				GCC_OPTIMIZATION_LEVEL = 0;
				GCC_PREPROCESSOR_DEFINITIONS = (
					"$(inherited)",
					"DEBUG=1",
				);
				GCC_WARN_64_TO_32_BIT_CONVERSION = YES;
				GCC_WARN_ABOUT_RETURN_TYPE = YES_ERROR;
				GCC_WARN_UNDECLARED_SELECTOR = YES;
				GCC_WARN_UNINITIALIZED_AUTOS = YES_AGGRESSIVE;
				GCC_WARN_UNUSED_FUNCTION = YES;
				GCC_WARN_UNUSED_VARIABLE = YES;
				MACOSX_DEPLOYMENT_TARGET = 13.0;
				MTL_ENABLE_DEBUG_INFO = INCLUDE_SOURCE;
				MTL_FAST_MATH = YES;
				ONLY_ACTIVE_ARCH = YES;
				PRODUCT_NAME = "$(TARGET_NAME)";
				SDKROOT = macosx;
				SWIFT_ACTIVE_COMPILATION_CONDITIONS = DEBUG;
				SWIFT_OPTIMIZATION_LEVEL = "-Onone";
				SWIFT_VERSION = 5.0;
			};
			name = Debug;
		};
		F208D3E09E215ED729759CE9 /* Release */ = {
			isa = XCBuildConfiguration;
			buildSettings = {
				ASSETCATALOG_COMPILER_APPICON_NAME = AppIcon;
				CODE_SIGN_ENTITLEMENTS = ClipAI/ClipAI.entitlements;
				COMBINE_HIDPI_IMAGES = YES;
				CURRENT_PROJECT_VERSION = 1;
				GENERATE_INFOPLIST_FILE = NO;
				INFOPLIST_FILE = ClipAI/Info.plist;
				LD_RUNPATH_SEARCH_PATHS = (
					"$(inherited)",
					"@executable_path/../Frameworks",
				);
				MACOSX_DEPLOYMENT_TARGET = 13.0;
				MARKETING_VERSION = 1.0.0;
				PRODUCT_BUNDLE_IDENTIFIER = com.clipai.app;
				SDKROOT = macosx;
				SWIFT_VERSION = 5.9;
			};
			name = Release;
		};
/* End XCBuildConfiguration section */

/* Begin XCConfigurationList section */
		2DEB97D6F4EA38611C9B31FF /* Build configuration list for PBXProject "ClipAI" */ = {
			isa = XCConfigurationList;
			buildConfigurations = (
				DE35348D686E5A403FAAE76F /* Debug */,
				9BC5D9D5B7F6969896DECD98 /* Release */,
			);
			defaultConfigurationIsVisible = 0;
			defaultConfigurationName = Debug;
		};
		A3CDE34F04E82EC1EC181BA8 /* Build configuration list for PBXNativeTarget "ClipAI" */ = {
			isa = XCConfigurationList;
			buildConfigurations = (
				0E2BD63DE813183E8E204945 /* Debug */,
				F208D3E09E215ED729759CE9 /* Release */,
			);
			defaultConfigurationIsVisible = 0;
			defaultConfigurationName = Debug;
		};
/* End XCConfigurationList section */
	};
	rootObject = F097FDB6B2E04D78767B5EED /* Project object */;
}
